
Microsoft Visual Studio Solution File, Format Version 12.00
# Visual Studio Version 17
VisualStudioVersion = 17.10.35013.160
MinimumVisualStudioVersion = 10.0.40219.1
Project("{FAE04EC0-301F-11D3-BF4B-00C04F79EFBC}") = "Inventory", "Inventory\Inventory.csproj", "{4577FB12-6D99-4CAF-863A-38C6CE029D6E}"
EndProject
Global
	GlobalSection(SolutionConfigurationPlatforms) = preSolution
		Debug|Any CPU = Debug|Any CPU
		Release|Any CPU = Release|Any CPU
	EndGlobalSection
	GlobalSection(ProjectConfigurationPlatforms) = postSolution
		{4577FB12-6D99-4CAF-863A-38C6CE029D6E}.Debug|Any CPU.ActiveCfg = Debug|Any CPU
		{4577FB12-6D99-4CAF-863A-38C6CE029D6E}.Debug|Any CPU.Build.0 = Debug|Any CPU
		{4577FB12-6D99-4CAF-863A-38C6CE029D6E}.Release|Any CPU.ActiveCfg = Release|Any CPU
		{4577FB12-6D99-4CAF-863A-38C6CE029D6E}.Release|Any CPU.Build.0 = Release|Any CPU
	EndGlobalSection
	GlobalSection(SolutionProperties) = preSolution
		HideSolutionNode = FALSE
	EndGlobalSection
	GlobalSection(ExtensibilityGlobals) = postSolution
		SolutionGuid = {73B855CE-4A89-4E67-8CDB-40178284917B}
	EndGlobalSection
EndGlobal
