
Microsoft Visual Studio Solution File, Format Version 12.00
# Visual Studio Version 17
VisualStudioVersion = 17.10.35013.160
MinimumVisualStudioVersion = 10.0.40219.1
Project("{FAE04EC0-301F-11D3-BF4B-00C04F79EFBC}") = "FrmBasicCalculator", "FrmBasicCalculator\FrmBasicCalculator.csproj", "{D3BE1E6B-87FC-45A4-A801-34CB1E918448}"
EndProject
Project("{FAE04EC0-301F-11D3-BF4B-00C04F79EFBC}") = "CalculatorPrivateAssembly", "CalculatorPrivateAssembly\CalculatorPrivateAssembly.csproj", "{91068C4A-F571-43A2-BC71-2AEE01810071}"
EndProject
Global
	GlobalSection(SolutionConfigurationPlatforms) = preSolution
		Debug|Any CPU = Debug|Any CPU
		Release|Any CPU = Release|Any CPU
	EndGlobalSection
	GlobalSection(ProjectConfigurationPlatforms) = postSolution
		{D3BE1E6B-87FC-45A4-A801-34CB1E918448}.Debug|Any CPU.ActiveCfg = Debug|Any CPU
		{D3BE1E6B-87FC-45A4-A801-34CB1E918448}.Debug|Any CPU.Build.0 = Debug|Any CPU
		{D3BE1E6B-87FC-45A4-A801-34CB1E918448}.Release|Any CPU.ActiveCfg = Release|Any CPU
		{D3BE1E6B-87FC-45A4-A801-34CB1E918448}.Release|Any CPU.Build.0 = Release|Any CPU
		{91068C4A-F571-43A2-BC71-2AEE01810071}.Debug|Any CPU.ActiveCfg = Debug|Any CPU
		{91068C4A-F571-43A2-BC71-2AEE01810071}.Debug|Any CPU.Build.0 = Debug|Any CPU
		{91068C4A-F571-43A2-BC71-2AEE01810071}.Release|Any CPU.ActiveCfg = Release|Any CPU
		{91068C4A-F571-43A2-BC71-2AEE01810071}.Release|Any CPU.Build.0 = Release|Any CPU
	EndGlobalSection
	GlobalSection(SolutionProperties) = preSolution
		HideSolutionNode = FALSE
	EndGlobalSection
	GlobalSection(ExtensibilityGlobals) = postSolution
		SolutionGuid = {30882108-EDFF-4EA1-975F-B9FC31752203}
	EndGlobalSection
EndGlobal
